{
  "name": "webcompiler",
  "lockfileVersion": 2,
  "requires": true,
  "packages": {
    "": {
      "dependencies": {
        "codemirror": "^5.61.1"
      }
    },
    "node_modules/codemirror": {
      "version": "5.61.1",
      "resolved": "https://registry.npmjs.org/codemirror/-/codemirror-5.61.1.tgz",
      "integrity": "sha512-+D1NZjAucuzE93vJGbAaXzvoBHwp9nJZWWWF9utjv25+5AZUiah6CIlfb4ikG4MoDsFsCG8niiJH5++OO2LgIQ=="
    }
  },
  "dependencies": {
    "codemirror": {
      "version": "5.61.1",
      "resolved": "https://registry.npmjs.org/codemirror/-/codemirror-5.61.1.tgz",
      "integrity": "sha512-+D1NZjAucuzE93vJGbAaXzvoBHwp9nJZWWWF9utjv25+5AZUiah6CIlfb4ikG4MoDsFsCG8niiJH5++OO2LgIQ=="
    }
  }
}
